{
    "name": "rallyetool",
    "version": "2.0.0",
    "lockfileVersion": 1,
    "requires": true,
    "dependencies": {
        "@babel/runtime": {
            "version": "7.15.4",
            "resolved": "https://registry.npmjs.org/@babel/runtime/-/runtime-7.15.4.tgz",
            "integrity": "sha512-99catp6bHCaxr4sJ/DbTGgHS4+Rs2RVd2g7iOap6SLGPDknRK9ztKNsE/Fg6QhSeh1FGE5f6gHGQmvvn3I3xhw==",
            "requires": {
                "regenerator-runtime": "^0.13.4"
            }
        },
        "@popperjs/core": {
            "version": "2.10.2",
            "resolved": "https://registry.npmjs.org/@popperjs/core/-/core-2.10.2.tgz",
            "integrity": "sha512-IXf3XA7+XyN7CP9gGh/XB0UxVMlvARGEgGXLubFICsUMGz6Q+DU+i4gGlpOxTjKvXjkJDJC8YdqdKkDj9qZHEQ=="
        },
        "bootstrap": {
            "version": "5.1.1",
            "resolved": "https://registry.npmjs.org/bootstrap/-/bootstrap-5.1.1.tgz",
            "integrity": "sha512-/jUa4sSuDZWlDLQ1gwQQR8uoYSvLJzDd8m5o6bPKh3asLAMYVZKdRCjb1joUd5WXf0WwCNzd2EjwQQhupou0dA=="
        },
        "bootstrap-icons": {
            "version": "1.5.0",
            "resolved": "https://registry.npmjs.org/bootstrap-icons/-/bootstrap-icons-1.5.0.tgz",
            "integrity": "sha512-44feMc7DE1Ccpsas/1wioN8ewFJNquvi5FewA06wLnqct7CwMdGDVy41ieHaacogzDqLfG8nADIvMNp9e4bfbA=="
        },
        "choices.js": {
            "version": "9.0.1",
            "resolved": "https://registry.npmjs.org/choices.js/-/choices.js-9.0.1.tgz",
            "integrity": "sha512-JgpeDY0Tmg7tqY6jaW/druSklJSt7W68tXFJIw0GSGWmO37SDAL8o60eICNGbzIODjj02VNNtf5h6TgoHDtCsA==",
            "requires": {
                "deepmerge": "^4.2.0",
                "fuse.js": "^3.4.5",
                "redux": "^4.0.4"
            }
        },
        "datatables.net": {
            "version": "1.11.3",
            "resolved": "https://registry.npmjs.org/datatables.net/-/datatables.net-1.11.3.tgz",
            "integrity": "sha512-VMj5qEaTebpNurySkM6jy6sGpl+s6onPK8xJhYr296R/vUBnz1+id16NVqNf9z5aR076OGcpGHCuiTuy4E05oQ==",
            "requires": {
                "jquery": ">=1.7"
            }
        },
        "datatables.net-bs5": {
            "version": "1.11.3",
            "resolved": "https://registry.npmjs.org/datatables.net-bs5/-/datatables.net-bs5-1.11.3.tgz",
            "integrity": "sha512-u0tosKUR1XNpXzxOOt2NInnNYayt7GQoG+OM1xPRhdkZ7ZBD4oNF8S0aKve8yvSUq/ZwTMh4WJeh80GdmrJAdQ==",
            "requires": {
                "datatables.net": ">=1.10.25",
                "jquery": ">=1.7"
            }
        },
        "deepmerge": {
            "version": "4.2.2",
            "resolved": "https://registry.npmjs.org/deepmerge/-/deepmerge-4.2.2.tgz",
            "integrity": "sha512-FJ3UgI4gIl+PHZm53knsuSFpE+nESMr7M4v9QcgB7S63Kj/6WqMiFQJpBBYz1Pt+66bZpP3Q7Lye0Oo9MPKEdg=="
        },
        "fuse.js": {
            "version": "3.6.1",
            "resolved": "https://registry.npmjs.org/fuse.js/-/fuse.js-3.6.1.tgz",
            "integrity": "sha512-hT9yh/tiinkmirKrlv4KWOjztdoZo1mx9Qh4KvWqC7isoXwdUY3PNWUxceF4/qO9R6riA2C29jdTOeQOIROjgw=="
        },
        "jquery": {
            "version": "3.6.0",
            "resolved": "https://registry.npmjs.org/jquery/-/jquery-3.6.0.tgz",
            "integrity": "sha512-JVzAR/AjBvVt2BmYhxRCSYysDsPcssdmTFnzyLEts9qNwmjmu4JTAMYubEfwVOSwpQ1I1sKKFcxhZCI2buerfw=="
        },
        "redux": {
            "version": "4.1.1",
            "resolved": "https://registry.npmjs.org/redux/-/redux-4.1.1.tgz",
            "integrity": "sha512-hZQZdDEM25UY2P493kPYuKqviVwZ58lEmGQNeQ+gXa+U0gYPUBf7NKYazbe3m+bs/DzM/ahN12DbF+NG8i0CWw==",
            "requires": {
                "@babel/runtime": "^7.9.2"
            }
        },
        "regenerator-runtime": {
            "version": "0.13.9",
            "resolved": "https://registry.npmjs.org/regenerator-runtime/-/regenerator-runtime-0.13.9.tgz",
            "integrity": "sha512-p3VT+cOEgxFsRRA9X4lkI1E+k2/CtnKtU4gcxyaCUreilL/vqI6CdZ3wxVUx3UOUg+gnUOQQcRI7BmSI656MYA=="
        }
    }
}
