// !$*UTF8*$!
{
	archiveVersion = 1;
	classes = {
	};
	objectVersion = 50;
	objects = {

/* Begin PBXBuildFile section */
		0878070F2170FFCD00AFAAE7 /* AppDelegate.swift in Sources */ = {isa = PBXBuildFile; fileRef = 0878070E2170FFCD00AFAAE7 /* AppDelegate.swift */; };
		087807112170FFCD00AFAAE7 /* ViewController.swift in Sources */ = {isa = PBXBuildFile; fileRef = 087807102170FFCD00AFAAE7 /* ViewController.swift */; };
		087807142170FFCD00AFAAE7 /* Main.storyboard in Resources */ = {isa = PBXBuildFile; fileRef = 087807122170FFCD00AFAAE7 /* Main.storyboard */; };
		087807172170FFCD00AFAAE7 /* Soundboard.xcdatamodeld in Sources */ = {isa = PBXBuildFile; fileRef = 087807152170FFCD00AFAAE7 /* Soundboard.xcdatamodeld */; };
		087807192170FFCF00AFAAE7 /* Assets.xcassets in Resources */ = {isa = PBXBuildFile; fileRef = 087807182170FFCF00AFAAE7 /* Assets.xcassets */; };
		0878071C2170FFCF00AFAAE7 /* LaunchScreen.storyboard in Resources */ = {isa = PBXBuildFile; fileRef = 0878071A2170FFCF00AFAAE7 /* LaunchScreen.storyboard */; };
		087807272170FFCF00AFAAE7 /* SoundboardTests.swift in Sources */ = {isa = PBXBuildFile; fileRef = 087807262170FFCF00AFAAE7 /* SoundboardTests.swift */; };
		087807322170FFCF00AFAAE7 /* SoundboardUITests.swift in Sources */ = {isa = PBXBuildFile; fileRef = 087807312170FFCF00AFAAE7 /* SoundboardUITests.swift */; };
		08780740217107A700AFAAE7 /* SoundObject.swift in Sources */ = {isa = PBXBuildFile; fileRef = 0878073F217107A700AFAAE7 /* SoundObject.swift */; };
		089891BF233A653B00EB63A7 /* 5-Red-Flag.mp3 in Resources */ = {isa = PBXBuildFile; fileRef = 08989188233A653400EB63A7 /* 5-Red-Flag.mp3 */; };
		089891C0233A653B00EB63A7 /* 10-Ni__as-in-Paris.m4a in Resources */ = {isa = PBXBuildFile; fileRef = 08989189233A653400EB63A7 /* 10-Ni__as-in-Paris.m4a */; };
		089891C1233A653B00EB63A7 /* 30-Ni__as-in-Paris.m4a in Resources */ = {isa = PBXBuildFile; fileRef = 0898918A233A653400EB63A7 /* 30-Ni__as-in-Paris.m4a */; };
		089891C2233A653B00EB63A7 /* 1-Also-sprach-Zarathustra.wav in Resources */ = {isa = PBXBuildFile; fileRef = 0898918B233A653400EB63A7 /* 1-Also-sprach-Zarathustra.wav */; };
		089891C3233A653B00EB63A7 /* 10-Immortals.m4a in Resources */ = {isa = PBXBuildFile; fileRef = 0898918C233A653400EB63A7 /* 10-Immortals.m4a */; };
		089891C4233A653B00EB63A7 /* 5-Sing.m4a in Resources */ = {isa = PBXBuildFile; fileRef = 0898918D233A653400EB63A7 /* 5-Sing.m4a */; };
		089891C5233A653B00EB63A7 /* 3-Ni__as-in-Paris.m4a in Resources */ = {isa = PBXBuildFile; fileRef = 0898918E233A653400EB63A7 /* 3-Ni__as-in-Paris.m4a */; };
		089891C6233A653B00EB63A7 /* 30-Also-sprach-Zarathustra.wav in Resources */ = {isa = PBXBuildFile; fileRef = 0898918F233A653500EB63A7 /* 30-Also-sprach-Zarathustra.wav */; };
		089891C7233A653B00EB63A7 /* 30-Numb.m4a in Resources */ = {isa = PBXBuildFile; fileRef = 08989190233A653500EB63A7 /* 30-Numb.m4a */; };
		089891C8233A653B00EB63A7 /* 3-Numb.m4a in Resources */ = {isa = PBXBuildFile; fileRef = 08989191233A653500EB63A7 /* 3-Numb.m4a */; };
		089891C9233A653B00EB63A7 /* 5-bury-a-friend.m4a in Resources */ = {isa = PBXBuildFile; fileRef = 08989192233A653500EB63A7 /* 5-bury-a-friend.m4a */; };
		089891CA233A653B00EB63A7 /* 10-The-Next-Episode.m4a in Resources */ = {isa = PBXBuildFile; fileRef = 08989193233A653500EB63A7 /* 10-The-Next-Episode.m4a */; };
		089891CB233A653B00EB63A7 /* 30-The-Next-Episode.m4a in Resources */ = {isa = PBXBuildFile; fileRef = 08989194233A653500EB63A7 /* 30-The-Next-Episode.m4a */; };
		089891CC233A653B00EB63A7 /* 5-Numb.m4a in Resources */ = {isa = PBXBuildFile; fileRef = 08989195233A653500EB63A7 /* 5-Numb.m4a */; };
		089891CD233A653B00EB63A7 /* 5-La-La-La.m4a in Resources */ = {isa = PBXBuildFile; fileRef = 08989196233A653600EB63A7 /* 5-La-La-La.m4a */; };
		089891CE233A653B00EB63A7 /* 10-Sing.m4a in Resources */ = {isa = PBXBuildFile; fileRef = 08989197233A653600EB63A7 /* 10-Sing.m4a */; };
		089891CF233A653B00EB63A7 /* 1-Immortals.m4a in Resources */ = {isa = PBXBuildFile; fileRef = 08989198233A653600EB63A7 /* 1-Immortals.m4a */; };
		089891D0233A653B00EB63A7 /* 10-Numb.m4a in Resources */ = {isa = PBXBuildFile; fileRef = 08989199233A653600EB63A7 /* 10-Numb.m4a */; };
		089891D1233A653B00EB63A7 /* 1-Say-Amen.m4a in Resources */ = {isa = PBXBuildFile; fileRef = 0898919A233A653600EB63A7 /* 1-Say-Amen.m4a */; };
		089891D2233A653B00EB63A7 /* 1-Ni__as-in-Paris.m4a in Resources */ = {isa = PBXBuildFile; fileRef = 0898919B233A653600EB63A7 /* 1-Ni__as-in-Paris.m4a */; };
		089891D3233A653B00EB63A7 /* 3-Animals.wav in Resources */ = {isa = PBXBuildFile; fileRef = 0898919C233A653600EB63A7 /* 3-Animals.wav */; };
		089891D4233A653B00EB63A7 /* 30-Red-Flag.mp3 in Resources */ = {isa = PBXBuildFile; fileRef = 0898919D233A653600EB63A7 /* 30-Red-Flag.mp3 */; };
		089891D5233A653B00EB63A7 /* 30-Animals.wav in Resources */ = {isa = PBXBuildFile; fileRef = 0898919E233A653700EB63A7 /* 30-Animals.wav */; };
		089891D6233A653B00EB63A7 /* 5-Say-Amen.m4a in Resources */ = {isa = PBXBuildFile; fileRef = 0898919F233A653700EB63A7 /* 5-Say-Amen.m4a */; };
		089891D7233A653B00EB63A7 /* 10-Say-Amen.m4a in Resources */ = {isa = PBXBuildFile; fileRef = 089891A0233A653700EB63A7 /* 10-Say-Amen.m4a */; };
		089891D8233A653B00EB63A7 /* 3-bury-a-friend.m4a in Resources */ = {isa = PBXBuildFile; fileRef = 089891A1233A653700EB63A7 /* 3-bury-a-friend.m4a */; };
		089891D9233A653B00EB63A7 /* 10-Also-sprach-Zarathustra.wav in Resources */ = {isa = PBXBuildFile; fileRef = 089891A2233A653700EB63A7 /* 10-Also-sprach-Zarathustra.wav */; };
		089891DA233A653B00EB63A7 /* 3-Sing.m4a in Resources */ = {isa = PBXBuildFile; fileRef = 089891A3233A653700EB63A7 /* 3-Sing.m4a */; };
		089891DB233A653B00EB63A7 /* 10-Animals.wav in Resources */ = {isa = PBXBuildFile; fileRef = 089891A4233A653700EB63A7 /* 10-Animals.wav */; };
		089891DC233A653B00EB63A7 /* 5-The-Next-Episode.m4a in Resources */ = {isa = PBXBuildFile; fileRef = 089891A5233A653800EB63A7 /* 5-The-Next-Episode.m4a */; };
		089891DD233A653B00EB63A7 /* 3-Also-sprach-Zarathustra.wav in Resources */ = {isa = PBXBuildFile; fileRef = 089891A6233A653800EB63A7 /* 3-Also-sprach-Zarathustra.wav */; };
		089891DE233A653B00EB63A7 /* 5-Also-sprach-Zarathustra.wav in Resources */ = {isa = PBXBuildFile; fileRef = 089891A7233A653800EB63A7 /* 5-Also-sprach-Zarathustra.wav */; };
		089891DF233A653B00EB63A7 /* 10-Red-Flag.mp3 in Resources */ = {isa = PBXBuildFile; fileRef = 089891A8233A653800EB63A7 /* 10-Red-Flag.mp3 */; };
		089891E0233A653B00EB63A7 /* 3-La-La-La.m4a in Resources */ = {isa = PBXBuildFile; fileRef = 089891A9233A653800EB63A7 /* 3-La-La-La.m4a */; };
		089891E1233A653B00EB63A7 /* 5-Animals.wav in Resources */ = {isa = PBXBuildFile; fileRef = 089891AA233A653800EB63A7 /* 5-Animals.wav */; };
		089891E2233A653B00EB63A7 /* 30-Sing.m4a in Resources */ = {isa = PBXBuildFile; fileRef = 089891AB233A653800EB63A7 /* 30-Sing.m4a */; };
		089891E3233A653B00EB63A7 /* 1-Animals.wav in Resources */ = {isa = PBXBuildFile; fileRef = 089891AC233A653800EB63A7 /* 1-Animals.wav */; };
		089891E4233A653B00EB63A7 /* 10-bury-a-friend.m4a in Resources */ = {isa = PBXBuildFile; fileRef = 089891AD233A653800EB63A7 /* 10-bury-a-friend.m4a */; };
		089891E5233A653B00EB63A7 /* 30-Immortals.m4a in Resources */ = {isa = PBXBuildFile; fileRef = 089891AE233A653800EB63A7 /* 30-Immortals.m4a */; };
		089891E6233A653B00EB63A7 /* 3-Say-Amen.m4a in Resources */ = {isa = PBXBuildFile; fileRef = 089891AF233A653900EB63A7 /* 3-Say-Amen.m4a */; };
		089891E7233A653B00EB63A7 /* 1-Red-Flag.mp3 in Resources */ = {isa = PBXBuildFile; fileRef = 089891B0233A653900EB63A7 /* 1-Red-Flag.mp3 */; };
		089891E8233A653B00EB63A7 /* 5-Immortals.m4a in Resources */ = {isa = PBXBuildFile; fileRef = 089891B1233A653900EB63A7 /* 5-Immortals.m4a */; };
		089891E9233A653B00EB63A7 /* 1-Sing.m4a in Resources */ = {isa = PBXBuildFile; fileRef = 089891B2233A653900EB63A7 /* 1-Sing.m4a */; };
		089891EA233A653B00EB63A7 /* 5-Ni__as-in-Paris.m4a in Resources */ = {isa = PBXBuildFile; fileRef = 089891B3233A653900EB63A7 /* 5-Ni__as-in-Paris.m4a */; };
		089891EB233A653B00EB63A7 /* 10-La-La-La.m4a in Resources */ = {isa = PBXBuildFile; fileRef = 089891B4233A653900EB63A7 /* 10-La-La-La.m4a */; };
		089891EC233A653B00EB63A7 /* 1-bury-a-friend.m4a in Resources */ = {isa = PBXBuildFile; fileRef = 089891B5233A653900EB63A7 /* 1-bury-a-friend.m4a */; };
		089891ED233A653B00EB63A7 /* 30-Say-Amen.m4a in Resources */ = {isa = PBXBuildFile; fileRef = 089891B6233A653A00EB63A7 /* 30-Say-Amen.m4a */; };
		089891EE233A653B00EB63A7 /* 3-Red-Flag.mp3 in Resources */ = {isa = PBXBuildFile; fileRef = 089891B7233A653A00EB63A7 /* 3-Red-Flag.mp3 */; };
		089891EF233A653B00EB63A7 /* 3-Immortals.m4a in Resources */ = {isa = PBXBuildFile; fileRef = 089891B8233A653A00EB63A7 /* 3-Immortals.m4a */; };
		089891F0233A653B00EB63A7 /* 1-La-La-La.m4a in Resources */ = {isa = PBXBuildFile; fileRef = 089891B9233A653A00EB63A7 /* 1-La-La-La.m4a */; };
		089891F1233A653B00EB63A7 /* 3-The-Next-Episode.m4a in Resources */ = {isa = PBXBuildFile; fileRef = 089891BA233A653A00EB63A7 /* 3-The-Next-Episode.m4a */; };
		089891F2233A653B00EB63A7 /* 30-bury-a-friend.m4a in Resources */ = {isa = PBXBuildFile; fileRef = 089891BB233A653A00EB63A7 /* 30-bury-a-friend.m4a */; };
		089891F3233A653B00EB63A7 /* 1-Numb.m4a in Resources */ = {isa = PBXBuildFile; fileRef = 089891BC233A653A00EB63A7 /* 1-Numb.m4a */; };
		089891F4233A653B00EB63A7 /* 1-The-Next-Episode.m4a in Resources */ = {isa = PBXBuildFile; fileRef = 089891BD233A653A00EB63A7 /* 1-The-Next-Episode.m4a */; };
		089891F5233A653B00EB63A7 /* 30-La-La-La.m4a in Resources */ = {isa = PBXBuildFile; fileRef = 089891BE233A653B00EB63A7 /* 30-La-La-La.m4a */; };
/* End PBXBuildFile section */

/* Begin PBXContainerItemProxy section */
		087807232170FFCF00AFAAE7 /* PBXContainerItemProxy */ = {
			isa = PBXContainerItemProxy;
			containerPortal = 087807032170FFCD00AFAAE7 /* Project object */;
			proxyType = 1;
			remoteGlobalIDString = 0878070A2170FFCD00AFAAE7;
			remoteInfo = Soundboard;
		};
		0878072E2170FFCF00AFAAE7 /* PBXContainerItemProxy */ = {
			isa = PBXContainerItemProxy;
			containerPortal = 087807032170FFCD00AFAAE7 /* Project object */;
			proxyType = 1;
			remoteGlobalIDString = 0878070A2170FFCD00AFAAE7;
			remoteInfo = Soundboard;
		};
/* End PBXContainerItemProxy section */

/* Begin PBXFileReference section */
		0878070B2170FFCD00AFAAE7 /* Soundboard.app */ = {isa = PBXFileReference; explicitFileType = wrapper.application; includeInIndex = 0; path = Soundboard.app; sourceTree = BUILT_PRODUCTS_DIR; };
		0878070E2170FFCD00AFAAE7 /* AppDelegate.swift */ = {isa = PBXFileReference; lastKnownFileType = sourcecode.swift; path = AppDelegate.swift; sourceTree = "<group>"; };
		087807102170FFCD00AFAAE7 /* ViewController.swift */ = {isa = PBXFileReference; lastKnownFileType = sourcecode.swift; path = ViewController.swift; sourceTree = "<group>"; };
		087807132170FFCD00AFAAE7 /* Base */ = {isa = PBXFileReference; lastKnownFileType = file.storyboard; name = Base; path = Base.lproj/Main.storyboard; sourceTree = "<group>"; };
		087807162170FFCD00AFAAE7 /* Soundboard.xcdatamodel */ = {isa = PBXFileReference; lastKnownFileType = wrapper.xcdatamodel; path = Soundboard.xcdatamodel; sourceTree = "<group>"; };
		087807182170FFCF00AFAAE7 /* Assets.xcassets */ = {isa = PBXFileReference; lastKnownFileType = folder.assetcatalog; path = Assets.xcassets; sourceTree = "<group>"; };
		0878071B2170FFCF00AFAAE7 /* Base */ = {isa = PBXFileReference; lastKnownFileType = file.storyboard; name = Base; path = Base.lproj/LaunchScreen.storyboard; sourceTree = "<group>"; };
		0878071D2170FFCF00AFAAE7 /* Info.plist */ = {isa = PBXFileReference; lastKnownFileType = text.plist.xml; path = Info.plist; sourceTree = "<group>"; };
		087807222170FFCF00AFAAE7 /* SoundboardTests.xctest */ = {isa = PBXFileReference; explicitFileType = wrapper.cfbundle; includeInIndex = 0; path = SoundboardTests.xctest; sourceTree = BUILT_PRODUCTS_DIR; };
		087807262170FFCF00AFAAE7 /* SoundboardTests.swift */ = {isa = PBXFileReference; lastKnownFileType = sourcecode.swift; path = SoundboardTests.swift; sourceTree = "<group>"; };
		087807282170FFCF00AFAAE7 /* Info.plist */ = {isa = PBXFileReference; lastKnownFileType = text.plist.xml; path = Info.plist; sourceTree = "<group>"; };
		0878072D2170FFCF00AFAAE7 /* SoundboardUITests.xctest */ = {isa = PBXFileReference; explicitFileType = wrapper.cfbundle; includeInIndex = 0; path = SoundboardUITests.xctest; sourceTree = BUILT_PRODUCTS_DIR; };
		087807312170FFCF00AFAAE7 /* SoundboardUITests.swift */ = {isa = PBXFileReference; lastKnownFileType = sourcecode.swift; path = SoundboardUITests.swift; sourceTree = "<group>"; };
		087807332170FFCF00AFAAE7 /* Info.plist */ = {isa = PBXFileReference; lastKnownFileType = text.plist.xml; path = Info.plist; sourceTree = "<group>"; };
		0878073F217107A700AFAAE7 /* SoundObject.swift */ = {isa = PBXFileReference; lastKnownFileType = sourcecode.swift; path = SoundObject.swift; sourceTree = "<group>"; };
		08989188233A653400EB63A7 /* 5-Red-Flag.mp3 */ = {isa = PBXFileReference; lastKnownFileType = audio.mp3; path = "5-Red-Flag.mp3"; sourceTree = "<group>"; };
		08989189233A653400EB63A7 /* 10-Ni__as-in-Paris.m4a */ = {isa = PBXFileReference; lastKnownFileType = file; path = "10-Ni__as-in-Paris.m4a"; sourceTree = "<group>"; };
		0898918A233A653400EB63A7 /* 30-Ni__as-in-Paris.m4a */ = {isa = PBXFileReference; lastKnownFileType = file; path = "30-Ni__as-in-Paris.m4a"; sourceTree = "<group>"; };
		0898918B233A653400EB63A7 /* 1-Also-sprach-Zarathustra.wav */ = {isa = PBXFileReference; lastKnownFileType = audio.wav; path = "1-Also-sprach-Zarathustra.wav"; sourceTree = "<group>"; };
		0898918C233A653400EB63A7 /* 10-Immortals.m4a */ = {isa = PBXFileReference; lastKnownFileType = file; path = "10-Immortals.m4a"; sourceTree = "<group>"; };
		0898918D233A653400EB63A7 /* 5-Sing.m4a */ = {isa = PBXFileReference; lastKnownFileType = file; path = "5-Sing.m4a"; sourceTree = "<group>"; };
		0898918E233A653400EB63A7 /* 3-Ni__as-in-Paris.m4a */ = {isa = PBXFileReference; lastKnownFileType = file; path = "3-Ni__as-in-Paris.m4a"; sourceTree = "<group>"; };
		0898918F233A653500EB63A7 /* 30-Also-sprach-Zarathustra.wav */ = {isa = PBXFileReference; lastKnownFileType = audio.wav; path = "30-Also-sprach-Zarathustra.wav"; sourceTree = "<group>"; };
		08989190233A653500EB63A7 /* 30-Numb.m4a */ = {isa = PBXFileReference; lastKnownFileType = file; path = "30-Numb.m4a"; sourceTree = "<group>"; };
		08989191233A653500EB63A7 /* 3-Numb.m4a */ = {isa = PBXFileReference; lastKnownFileType = file; path = "3-Numb.m4a"; sourceTree = "<group>"; };
		08989192233A653500EB63A7 /* 5-bury-a-friend.m4a */ = {isa = PBXFileReference; lastKnownFileType = file; path = "5-bury-a-friend.m4a"; sourceTree = "<group>"; };
		08989193233A653500EB63A7 /* 10-The-Next-Episode.m4a */ = {isa = PBXFileReference; lastKnownFileType = file; path = "10-The-Next-Episode.m4a"; sourceTree = "<group>"; };
		08989194233A653500EB63A7 /* 30-The-Next-Episode.m4a */ = {isa = PBXFileReference; lastKnownFileType = file; path = "30-The-Next-Episode.m4a"; sourceTree = "<group>"; };
		08989195233A653500EB63A7 /* 5-Numb.m4a */ = {isa = PBXFileReference; lastKnownFileType = file; path = "5-Numb.m4a"; sourceTree = "<group>"; };
		08989196233A653600EB63A7 /* 5-La-La-La.m4a */ = {isa = PBXFileReference; lastKnownFileType = file; path = "5-La-La-La.m4a"; sourceTree = "<group>"; };
		08989197233A653600EB63A7 /* 10-Sing.m4a */ = {isa = PBXFileReference; lastKnownFileType = file; path = "10-Sing.m4a"; sourceTree = "<group>"; };
		08989198233A653600EB63A7 /* 1-Immortals.m4a */ = {isa = PBXFileReference; lastKnownFileType = file; path = "1-Immortals.m4a"; sourceTree = "<group>"; };
		08989199233A653600EB63A7 /* 10-Numb.m4a */ = {isa = PBXFileReference; lastKnownFileType = file; path = "10-Numb.m4a"; sourceTree = "<group>"; };
		0898919A233A653600EB63A7 /* 1-Say-Amen.m4a */ = {isa = PBXFileReference; lastKnownFileType = file; path = "1-Say-Amen.m4a"; sourceTree = "<group>"; };
		0898919B233A653600EB63A7 /* 1-Ni__as-in-Paris.m4a */ = {isa = PBXFileReference; lastKnownFileType = file; path = "1-Ni__as-in-Paris.m4a"; sourceTree = "<group>"; };
		0898919C233A653600EB63A7 /* 3-Animals.wav */ = {isa = PBXFileReference; lastKnownFileType = audio.wav; path = "3-Animals.wav"; sourceTree = "<group>"; };
		0898919D233A653600EB63A7 /* 30-Red-Flag.mp3 */ = {isa = PBXFileReference; lastKnownFileType = audio.mp3; path = "30-Red-Flag.mp3"; sourceTree = "<group>"; };
		0898919E233A653700EB63A7 /* 30-Animals.wav */ = {isa = PBXFileReference; lastKnownFileType = audio.wav; path = "30-Animals.wav"; sourceTree = "<group>"; };
		0898919F233A653700EB63A7 /* 5-Say-Amen.m4a */ = {isa = PBXFileReference; lastKnownFileType = file; path = "5-Say-Amen.m4a"; sourceTree = "<group>"; };
		089891A0233A653700EB63A7 /* 10-Say-Amen.m4a */ = {isa = PBXFileReference; lastKnownFileType = file; path = "10-Say-Amen.m4a"; sourceTree = "<group>"; };
		089891A1233A653700EB63A7 /* 3-bury-a-friend.m4a */ = {isa = PBXFileReference; lastKnownFileType = file; path = "3-bury-a-friend.m4a"; sourceTree = "<group>"; };
		089891A2233A653700EB63A7 /* 10-Also-sprach-Zarathustra.wav */ = {isa = PBXFileReference; lastKnownFileType = audio.wav; path = "10-Also-sprach-Zarathustra.wav"; sourceTree = "<group>"; };
		089891A3233A653700EB63A7 /* 3-Sing.m4a */ = {isa = PBXFileReference; lastKnownFileType = file; path = "3-Sing.m4a"; sourceTree = "<group>"; };
		089891A4233A653700EB63A7 /* 10-Animals.wav */ = {isa = PBXFileReference; lastKnownFileType = audio.wav; path = "10-Animals.wav"; sourceTree = "<group>"; };
		089891A5233A653800EB63A7 /* 5-The-Next-Episode.m4a */ = {isa = PBXFileReference; lastKnownFileType = file; path = "5-The-Next-Episode.m4a"; sourceTree = "<group>"; };
		089891A6233A653800EB63A7 /* 3-Also-sprach-Zarathustra.wav */ = {isa = PBXFileReference; lastKnownFileType = audio.wav; path = "3-Also-sprach-Zarathustra.wav"; sourceTree = "<group>"; };
		089891A7233A653800EB63A7 /* 5-Also-sprach-Zarathustra.wav */ = {isa = PBXFileReference; lastKnownFileType = audio.wav; path = "5-Also-sprach-Zarathustra.wav"; sourceTree = "<group>"; };
		089891A8233A653800EB63A7 /* 10-Red-Flag.mp3 */ = {isa = PBXFileReference; lastKnownFileType = audio.mp3; path = "10-Red-Flag.mp3"; sourceTree = "<group>"; };
		089891A9233A653800EB63A7 /* 3-La-La-La.m4a */ = {isa = PBXFileReference; lastKnownFileType = file; path = "3-La-La-La.m4a"; sourceTree = "<group>"; };
		089891AA233A653800EB63A7 /* 5-Animals.wav */ = {isa = PBXFileReference; lastKnownFileType = audio.wav; path = "5-Animals.wav"; sourceTree = "<group>"; };
		089891AB233A653800EB63A7 /* 30-Sing.m4a */ = {isa = PBXFileReference; lastKnownFileType = file; path = "30-Sing.m4a"; sourceTree = "<group>"; };
		089891AC233A653800EB63A7 /* 1-Animals.wav */ = {isa = PBXFileReference; lastKnownFileType = audio.wav; path = "1-Animals.wav"; sourceTree = "<group>"; };
		089891AD233A653800EB63A7 /* 10-bury-a-friend.m4a */ = {isa = PBXFileReference; lastKnownFileType = file; path = "10-bury-a-friend.m4a"; sourceTree = "<group>"; };
		089891AE233A653800EB63A7 /* 30-Immortals.m4a */ = {isa = PBXFileReference; lastKnownFileType = file; path = "30-Immortals.m4a"; sourceTree = "<group>"; };
		089891AF233A653900EB63A7 /* 3-Say-Amen.m4a */ = {isa = PBXFileReference; lastKnownFileType = file; path = "3-Say-Amen.m4a"; sourceTree = "<group>"; };
		089891B0233A653900EB63A7 /* 1-Red-Flag.mp3 */ = {isa = PBXFileReference; lastKnownFileType = audio.mp3; path = "1-Red-Flag.mp3"; sourceTree = "<group>"; };
		089891B1233A653900EB63A7 /* 5-Immortals.m4a */ = {isa = PBXFileReference; lastKnownFileType = file; path = "5-Immortals.m4a"; sourceTree = "<group>"; };
		089891B2233A653900EB63A7 /* 1-Sing.m4a */ = {isa = PBXFileReference; lastKnownFileType = file; path = "1-Sing.m4a"; sourceTree = "<group>"; };
		089891B3233A653900EB63A7 /* 5-Ni__as-in-Paris.m4a */ = {isa = PBXFileReference; lastKnownFileType = file; path = "5-Ni__as-in-Paris.m4a"; sourceTree = "<group>"; };
		089891B4233A653900EB63A7 /* 10-La-La-La.m4a */ = {isa = PBXFileReference; lastKnownFileType = file; path = "10-La-La-La.m4a"; sourceTree = "<group>"; };
		089891B5233A653900EB63A7 /* 1-bury-a-friend.m4a */ = {isa = PBXFileReference; lastKnownFileType = file; path = "1-bury-a-friend.m4a"; sourceTree = "<group>"; };
		089891B6233A653A00EB63A7 /* 30-Say-Amen.m4a */ = {isa = PBXFileReference; lastKnownFileType = file; path = "30-Say-Amen.m4a"; sourceTree = "<group>"; };
		089891B7233A653A00EB63A7 /* 3-Red-Flag.mp3 */ = {isa = PBXFileReference; lastKnownFileType = audio.mp3; path = "3-Red-Flag.mp3"; sourceTree = "<group>"; };
		089891B8233A653A00EB63A7 /* 3-Immortals.m4a */ = {isa = PBXFileReference; lastKnownFileType = file; path = "3-Immortals.m4a"; sourceTree = "<group>"; };
		089891B9233A653A00EB63A7 /* 1-La-La-La.m4a */ = {isa = PBXFileReference; lastKnownFileType = file; path = "1-La-La-La.m4a"; sourceTree = "<group>"; };
		089891BA233A653A00EB63A7 /* 3-The-Next-Episode.m4a */ = {isa = PBXFileReference; lastKnownFileType = file; path = "3-The-Next-Episode.m4a"; sourceTree = "<group>"; };
		089891BB233A653A00EB63A7 /* 30-bury-a-friend.m4a */ = {isa = PBXFileReference; lastKnownFileType = file; path = "30-bury-a-friend.m4a"; sourceTree = "<group>"; };
		089891BC233A653A00EB63A7 /* 1-Numb.m4a */ = {isa = PBXFileReference; lastKnownFileType = file; path = "1-Numb.m4a"; sourceTree = "<group>"; };
		089891BD233A653A00EB63A7 /* 1-The-Next-Episode.m4a */ = {isa = PBXFileReference; lastKnownFileType = file; path = "1-The-Next-Episode.m4a"; sourceTree = "<group>"; };
		089891BE233A653B00EB63A7 /* 30-La-La-La.m4a */ = {isa = PBXFileReference; lastKnownFileType = file; path = "30-La-La-La.m4a"; sourceTree = "<group>"; };
/* End PBXFileReference section */

/* Begin PBXFrameworksBuildPhase section */
		087807082170FFCD00AFAAE7 /* Frameworks */ = {
			isa = PBXFrameworksBuildPhase;
			buildActionMask = 2147483647;
			files = (
			);
			runOnlyForDeploymentPostprocessing = 0;
		};
		0878071F2170FFCF00AFAAE7 /* Frameworks */ = {
			isa = PBXFrameworksBuildPhase;
			buildActionMask = 2147483647;
			files = (
			);
			runOnlyForDeploymentPostprocessing = 0;
		};
		0878072A2170FFCF00AFAAE7 /* Frameworks */ = {
			isa = PBXFrameworksBuildPhase;
			buildActionMask = 2147483647;
			files = (
			);
			runOnlyForDeploymentPostprocessing = 0;
		};
/* End PBXFrameworksBuildPhase section */

/* Begin PBXGroup section */
		087807022170FFCD00AFAAE7 = {
			isa = PBXGroup;
			children = (
				0878070D2170FFCD00AFAAE7 /* Soundboard */,
				087807252170FFCF00AFAAE7 /* SoundboardTests */,
				087807302170FFCF00AFAAE7 /* SoundboardUITests */,
				0878070C2170FFCD00AFAAE7 /* Products */,
			);
			sourceTree = "<group>";
		};
		0878070C2170FFCD00AFAAE7 /* Products */ = {
			isa = PBXGroup;
			children = (
				0878070B2170FFCD00AFAAE7 /* Soundboard.app */,
				087807222170FFCF00AFAAE7 /* SoundboardTests.xctest */,
				0878072D2170FFCF00AFAAE7 /* SoundboardUITests.xctest */,
			);
			name = Products;
			sourceTree = "<group>";
		};
		0878070D2170FFCD00AFAAE7 /* Soundboard */ = {
			isa = PBXGroup;
			children = (
				08780741217108CE00AFAAE7 /* SoundFiles */,
				0878070E2170FFCD00AFAAE7 /* AppDelegate.swift */,
				087807102170FFCD00AFAAE7 /* ViewController.swift */,
				087807122170FFCD00AFAAE7 /* Main.storyboard */,
				0878073F217107A700AFAAE7 /* SoundObject.swift */,
				087807182170FFCF00AFAAE7 /* Assets.xcassets */,
				0878071A2170FFCF00AFAAE7 /* LaunchScreen.storyboard */,
				0878071D2170FFCF00AFAAE7 /* Info.plist */,
				087807152170FFCD00AFAAE7 /* Soundboard.xcdatamodeld */,
			);
			path = Soundboard;
			sourceTree = "<group>";
		};
		087807252170FFCF00AFAAE7 /* SoundboardTests */ = {
			isa = PBXGroup;
			children = (
				087807262170FFCF00AFAAE7 /* SoundboardTests.swift */,
				087807282170FFCF00AFAAE7 /* Info.plist */,
			);
			path = SoundboardTests;
			sourceTree = "<group>";
		};
		087807302170FFCF00AFAAE7 /* SoundboardUITests */ = {
			isa = PBXGroup;
			children = (
				087807312170FFCF00AFAAE7 /* SoundboardUITests.swift */,
				087807332170FFCF00AFAAE7 /* Info.plist */,
			);
			path = SoundboardUITests;
			sourceTree = "<group>";
		};
		08780741217108CE00AFAAE7 /* SoundFiles */ = {
			isa = PBXGroup;
			children = (
				0898918B233A653400EB63A7 /* 1-Also-sprach-Zarathustra.wav */,
				089891AC233A653800EB63A7 /* 1-Animals.wav */,
				089891B5233A653900EB63A7 /* 1-bury-a-friend.m4a */,
				08989198233A653600EB63A7 /* 1-Immortals.m4a */,
				089891B9233A653A00EB63A7 /* 1-La-La-La.m4a */,
				0898919B233A653600EB63A7 /* 1-Ni__as-in-Paris.m4a */,
				089891BC233A653A00EB63A7 /* 1-Numb.m4a */,
				089891B0233A653900EB63A7 /* 1-Red-Flag.mp3 */,
				0898919A233A653600EB63A7 /* 1-Say-Amen.m4a */,
				089891B2233A653900EB63A7 /* 1-Sing.m4a */,
				089891BD233A653A00EB63A7 /* 1-The-Next-Episode.m4a */,
				089891A6233A653800EB63A7 /* 3-Also-sprach-Zarathustra.wav */,
				0898919C233A653600EB63A7 /* 3-Animals.wav */,
				089891A1233A653700EB63A7 /* 3-bury-a-friend.m4a */,
				089891B8233A653A00EB63A7 /* 3-Immortals.m4a */,
				089891A9233A653800EB63A7 /* 3-La-La-La.m4a */,
				0898918E233A653400EB63A7 /* 3-Ni__as-in-Paris.m4a */,
				08989191233A653500EB63A7 /* 3-Numb.m4a */,
				089891B7233A653A00EB63A7 /* 3-Red-Flag.mp3 */,
				089891AF233A653900EB63A7 /* 3-Say-Amen.m4a */,
				089891A3233A653700EB63A7 /* 3-Sing.m4a */,
				089891BA233A653A00EB63A7 /* 3-The-Next-Episode.m4a */,
				089891A7233A653800EB63A7 /* 5-Also-sprach-Zarathustra.wav */,
				089891AA233A653800EB63A7 /* 5-Animals.wav */,
				08989192233A653500EB63A7 /* 5-bury-a-friend.m4a */,
				089891B1233A653900EB63A7 /* 5-Immortals.m4a */,
				08989196233A653600EB63A7 /* 5-La-La-La.m4a */,
				089891B3233A653900EB63A7 /* 5-Ni__as-in-Paris.m4a */,
				08989195233A653500EB63A7 /* 5-Numb.m4a */,
				08989188233A653400EB63A7 /* 5-Red-Flag.mp3 */,
				0898919F233A653700EB63A7 /* 5-Say-Amen.m4a */,
				0898918D233A653400EB63A7 /* 5-Sing.m4a */,
				089891A5233A653800EB63A7 /* 5-The-Next-Episode.m4a */,
				089891A2233A653700EB63A7 /* 10-Also-sprach-Zarathustra.wav */,
				089891A4233A653700EB63A7 /* 10-Animals.wav */,
				089891AD233A653800EB63A7 /* 10-bury-a-friend.m4a */,
				0898918C233A653400EB63A7 /* 10-Immortals.m4a */,
				089891B4233A653900EB63A7 /* 10-La-La-La.m4a */,
				08989189233A653400EB63A7 /* 10-Ni__as-in-Paris.m4a */,
				08989199233A653600EB63A7 /* 10-Numb.m4a */,
				089891A8233A653800EB63A7 /* 10-Red-Flag.mp3 */,
				089891A0233A653700EB63A7 /* 10-Say-Amen.m4a */,
				08989197233A653600EB63A7 /* 10-Sing.m4a */,
				08989193233A653500EB63A7 /* 10-The-Next-Episode.m4a */,
				0898918F233A653500EB63A7 /* 30-Also-sprach-Zarathustra.wav */,
				0898919E233A653700EB63A7 /* 30-Animals.wav */,
				089891BB233A653A00EB63A7 /* 30-bury-a-friend.m4a */,
				089891AE233A653800EB63A7 /* 30-Immortals.m4a */,
				089891BE233A653B00EB63A7 /* 30-La-La-La.m4a */,
				0898918A233A653400EB63A7 /* 30-Ni__as-in-Paris.m4a */,
				08989190233A653500EB63A7 /* 30-Numb.m4a */,
				0898919D233A653600EB63A7 /* 30-Red-Flag.mp3 */,
				089891B6233A653A00EB63A7 /* 30-Say-Amen.m4a */,
				089891AB233A653800EB63A7 /* 30-Sing.m4a */,
				08989194233A653500EB63A7 /* 30-The-Next-Episode.m4a */,
			);
			path = SoundFiles;
			sourceTree = "<group>";
		};
/* End PBXGroup section */

/* Begin PBXNativeTarget section */
		0878070A2170FFCD00AFAAE7 /* Soundboard */ = {
			isa = PBXNativeTarget;
			buildConfigurationList = 087807362170FFCF00AFAAE7 /* Build configuration list for PBXNativeTarget "Soundboard" */;
			buildPhases = (
				087807072170FFCD00AFAAE7 /* Sources */,
				087807082170FFCD00AFAAE7 /* Frameworks */,
				087807092170FFCD00AFAAE7 /* Resources */,
			);
			buildRules = (
			);
			dependencies = (
			);
			name = Soundboard;
			productName = Soundboard;
			productReference = 0878070B2170FFCD00AFAAE7 /* Soundboard.app */;
			productType = "com.apple.product-type.application";
		};
		087807212170FFCF00AFAAE7 /* SoundboardTests */ = {
			isa = PBXNativeTarget;
			buildConfigurationList = 087807392170FFCF00AFAAE7 /* Build configuration list for PBXNativeTarget "SoundboardTests" */;
			buildPhases = (
				0878071E2170FFCF00AFAAE7 /* Sources */,
				0878071F2170FFCF00AFAAE7 /* Frameworks */,
				087807202170FFCF00AFAAE7 /* Resources */,
			);
			buildRules = (
			);
			dependencies = (
				087807242170FFCF00AFAAE7 /* PBXTargetDependency */,
			);
			name = SoundboardTests;
			productName = SoundboardTests;
			productReference = 087807222170FFCF00AFAAE7 /* SoundboardTests.xctest */;
			productType = "com.apple.product-type.bundle.unit-test";
		};
		0878072C2170FFCF00AFAAE7 /* SoundboardUITests */ = {
			isa = PBXNativeTarget;
			buildConfigurationList = 0878073C2170FFCF00AFAAE7 /* Build configuration list for PBXNativeTarget "SoundboardUITests" */;
			buildPhases = (
				087807292170FFCF00AFAAE7 /* Sources */,
				0878072A2170FFCF00AFAAE7 /* Frameworks */,
				0878072B2170FFCF00AFAAE7 /* Resources */,
			);
			buildRules = (
			);
			dependencies = (
				0878072F2170FFCF00AFAAE7 /* PBXTargetDependency */,
			);
			name = SoundboardUITests;
			productName = SoundboardUITests;
			productReference = 0878072D2170FFCF00AFAAE7 /* SoundboardUITests.xctest */;
			productType = "com.apple.product-type.bundle.ui-testing";
		};
/* End PBXNativeTarget section */

/* Begin PBXProject section */
		087807032170FFCD00AFAAE7 /* Project object */ = {
			isa = PBXProject;
			attributes = {
				LastSwiftUpdateCheck = 1000;
				LastUpgradeCheck = 1000;
				ORGANIZATIONNAME = "Matthias Linhuber";
				TargetAttributes = {
					0878070A2170FFCD00AFAAE7 = {
						CreatedOnToolsVersion = 10.0;
						LastSwiftMigration = 1100;
					};
					087807212170FFCF00AFAAE7 = {
						CreatedOnToolsVersion = 10.0;
						LastSwiftMigration = 1100;
						TestTargetID = 0878070A2170FFCD00AFAAE7;
					};
					0878072C2170FFCF00AFAAE7 = {
						CreatedOnToolsVersion = 10.0;
						LastSwiftMigration = 1100;
						TestTargetID = 0878070A2170FFCD00AFAAE7;
					};
				};
			};
			buildConfigurationList = 087807062170FFCD00AFAAE7 /* Build configuration list for PBXProject "Soundboard" */;
			compatibilityVersion = "Xcode 9.3";
			developmentRegion = en;
			hasScannedForEncodings = 0;
			knownRegions = (
				en,
				Base,
			);
			mainGroup = 087807022170FFCD00AFAAE7;
			productRefGroup = 0878070C2170FFCD00AFAAE7 /* Products */;
			projectDirPath = "";
			projectRoot = "";
			targets = (
				0878070A2170FFCD00AFAAE7 /* Soundboard */,
				087807212170FFCF00AFAAE7 /* SoundboardTests */,
				0878072C2170FFCF00AFAAE7 /* SoundboardUITests */,
			);
		};
/* End PBXProject section */

/* Begin PBXResourcesBuildPhase section */
		087807092170FFCD00AFAAE7 /* Resources */ = {
			isa = PBXResourcesBuildPhase;
			buildActionMask = 2147483647;
			files = (
				089891DD233A653B00EB63A7 /* 3-Also-sprach-Zarathustra.wav in Resources */,
				089891BF233A653B00EB63A7 /* 5-Red-Flag.mp3 in Resources */,
				089891ED233A653B00EB63A7 /* 30-Say-Amen.m4a in Resources */,
				089891EA233A653B00EB63A7 /* 5-Ni__as-in-Paris.m4a in Resources */,
				0878071C2170FFCF00AFAAE7 /* LaunchScreen.storyboard in Resources */,
				089891E6233A653B00EB63A7 /* 3-Say-Amen.m4a in Resources */,
				089891C5233A653B00EB63A7 /* 3-Ni__as-in-Paris.m4a in Resources */,
				089891E5233A653B00EB63A7 /* 30-Immortals.m4a in Resources */,
				089891E2233A653B00EB63A7 /* 30-Sing.m4a in Resources */,
				089891CE233A653B00EB63A7 /* 10-Sing.m4a in Resources */,
				087807192170FFCF00AFAAE7 /* Assets.xcassets in Resources */,
				089891F4233A653B00EB63A7 /* 1-The-Next-Episode.m4a in Resources */,
				089891D9233A653B00EB63A7 /* 10-Also-sprach-Zarathustra.wav in Resources */,
				089891C0233A653B00EB63A7 /* 10-Ni__as-in-Paris.m4a in Resources */,
				089891C7233A653B00EB63A7 /* 30-Numb.m4a in Resources */,
				089891C4233A653B00EB63A7 /* 5-Sing.m4a in Resources */,
				089891D4233A653B00EB63A7 /* 30-Red-Flag.mp3 in Resources */,
				089891E8233A653B00EB63A7 /* 5-Immortals.m4a in Resources */,
				089891F5233A653B00EB63A7 /* 30-La-La-La.m4a in Resources */,
				089891E3233A653B00EB63A7 /* 1-Animals.wav in Resources */,
				089891D5233A653B00EB63A7 /* 30-Animals.wav in Resources */,
				089891E1233A653B00EB63A7 /* 5-Animals.wav in Resources */,
				087807142170FFCD00AFAAE7 /* Main.storyboard in Resources */,
				089891DA233A653B00EB63A7 /* 3-Sing.m4a in Resources */,
				089891DC233A653B00EB63A7 /* 5-The-Next-Episode.m4a in Resources */,
				089891E9233A653B00EB63A7 /* 1-Sing.m4a in Resources */,
				089891E7233A653B00EB63A7 /* 1-Red-Flag.mp3 in Resources */,
				089891C6233A653B00EB63A7 /* 30-Also-sprach-Zarathustra.wav in Resources */,
				089891F3233A653B00EB63A7 /* 1-Numb.m4a in Resources */,
				089891C2233A653B00EB63A7 /* 1-Also-sprach-Zarathustra.wav in Resources */,
				089891F1233A653B00EB63A7 /* 3-The-Next-Episode.m4a in Resources */,
				089891CB233A653B00EB63A7 /* 30-The-Next-Episode.m4a in Resources */,
				089891E0233A653B00EB63A7 /* 3-La-La-La.m4a in Resources */,
				089891CA233A653B00EB63A7 /* 10-The-Next-Episode.m4a in Resources */,
				089891F0233A653B00EB63A7 /* 1-La-La-La.m4a in Resources */,
				089891EE233A653B00EB63A7 /* 3-Red-Flag.mp3 in Resources */,
				089891CF233A653B00EB63A7 /* 1-Immortals.m4a in Resources */,
				089891EB233A653B00EB63A7 /* 10-La-La-La.m4a in Resources */,
				089891C8233A653B00EB63A7 /* 3-Numb.m4a in Resources */,
				089891F2233A653B00EB63A7 /* 30-bury-a-friend.m4a in Resources */,
				089891E4233A653B00EB63A7 /* 10-bury-a-friend.m4a in Resources */,
				089891EF233A653B00EB63A7 /* 3-Immortals.m4a in Resources */,
				089891C3233A653B00EB63A7 /* 10-Immortals.m4a in Resources */,
				089891EC233A653B00EB63A7 /* 1-bury-a-friend.m4a in Resources */,
				089891C9233A653B00EB63A7 /* 5-bury-a-friend.m4a in Resources */,
				089891DE233A653B00EB63A7 /* 5-Also-sprach-Zarathustra.wav in Resources */,
				089891CD233A653B00EB63A7 /* 5-La-La-La.m4a in Resources */,
				089891DF233A653B00EB63A7 /* 10-Red-Flag.mp3 in Resources */,
				089891D7233A653B00EB63A7 /* 10-Say-Amen.m4a in Resources */,
				089891C1233A653B00EB63A7 /* 30-Ni__as-in-Paris.m4a in Resources */,
				089891D8233A653B00EB63A7 /* 3-bury-a-friend.m4a in Resources */,
				089891D1233A653B00EB63A7 /* 1-Say-Amen.m4a in Resources */,
				089891D2233A653B00EB63A7 /* 1-Ni__as-in-Paris.m4a in Resources */,
				089891D0233A653B00EB63A7 /* 10-Numb.m4a in Resources */,
				089891D3233A653B00EB63A7 /* 3-Animals.wav in Resources */,
				089891DB233A653B00EB63A7 /* 10-Animals.wav in Resources */,
				089891D6233A653B00EB63A7 /* 5-Say-Amen.m4a in Resources */,
				089891CC233A653B00EB63A7 /* 5-Numb.m4a in Resources */,
			);
			runOnlyForDeploymentPostprocessing = 0;
		};
		087807202170FFCF00AFAAE7 /* Resources */ = {
			isa = PBXResourcesBuildPhase;
			buildActionMask = 2147483647;
			files = (
			);
			runOnlyForDeploymentPostprocessing = 0;
		};
		0878072B2170FFCF00AFAAE7 /* Resources */ = {
			isa = PBXResourcesBuildPhase;
			buildActionMask = 2147483647;
			files = (
			);
			runOnlyForDeploymentPostprocessing = 0;
		};
/* End PBXResourcesBuildPhase section */

/* Begin PBXSourcesBuildPhase section */
		087807072170FFCD00AFAAE7 /* Sources */ = {
			isa = PBXSourcesBuildPhase;
			buildActionMask = 2147483647;
			files = (
				08780740217107A700AFAAE7 /* SoundObject.swift in Sources */,
				087807112170FFCD00AFAAE7 /* ViewController.swift in Sources */,
				087807172170FFCD00AFAAE7 /* Soundboard.xcdatamodeld in Sources */,
				0878070F2170FFCD00AFAAE7 /* AppDelegate.swift in Sources */,
			);
			runOnlyForDeploymentPostprocessing = 0;
		};
		0878071E2170FFCF00AFAAE7 /* Sources */ = {
			isa = PBXSourcesBuildPhase;
			buildActionMask = 2147483647;
			files = (
				087807272170FFCF00AFAAE7 /* SoundboardTests.swift in Sources */,
			);
			runOnlyForDeploymentPostprocessing = 0;
		};
		087807292170FFCF00AFAAE7 /* Sources */ = {
			isa = PBXSourcesBuildPhase;
			buildActionMask = 2147483647;
			files = (
				087807322170FFCF00AFAAE7 /* SoundboardUITests.swift in Sources */,
			);
			runOnlyForDeploymentPostprocessing = 0;
		};
/* End PBXSourcesBuildPhase section */

/* Begin PBXTargetDependency section */
		087807242170FFCF00AFAAE7 /* PBXTargetDependency */ = {
			isa = PBXTargetDependency;
			target = 0878070A2170FFCD00AFAAE7 /* Soundboard */;
			targetProxy = 087807232170FFCF00AFAAE7 /* PBXContainerItemProxy */;
		};
		0878072F2170FFCF00AFAAE7 /* PBXTargetDependency */ = {
			isa = PBXTargetDependency;
			target = 0878070A2170FFCD00AFAAE7 /* Soundboard */;
			targetProxy = 0878072E2170FFCF00AFAAE7 /* PBXContainerItemProxy */;
		};
/* End PBXTargetDependency section */

/* Begin PBXVariantGroup section */
		087807122170FFCD00AFAAE7 /* Main.storyboard */ = {
			isa = PBXVariantGroup;
			children = (
				087807132170FFCD00AFAAE7 /* Base */,
			);
			name = Main.storyboard;
			sourceTree = "<group>";
		};
		0878071A2170FFCF00AFAAE7 /* LaunchScreen.storyboard */ = {
			isa = PBXVariantGroup;
			children = (
				0878071B2170FFCF00AFAAE7 /* Base */,
			);
			name = LaunchScreen.storyboard;
			sourceTree = "<group>";
		};
/* End PBXVariantGroup section */

/* Begin XCBuildConfiguration section */
		087807342170FFCF00AFAAE7 /* Debug */ = {
			isa = XCBuildConfiguration;
			buildSettings = {
				ALWAYS_SEARCH_USER_PATHS = NO;
				CLANG_ANALYZER_NONNULL = YES;
				CLANG_ANALYZER_NUMBER_OBJECT_CONVERSION = YES_AGGRESSIVE;
				CLANG_CXX_LANGUAGE_STANDARD = "gnu++14";
				CLANG_CXX_LIBRARY = "libc++";
				CLANG_ENABLE_MODULES = YES;
				CLANG_ENABLE_OBJC_ARC = YES;
				CLANG_ENABLE_OBJC_WEAK = YES;
				CLANG_WARN_BLOCK_CAPTURE_AUTORELEASING = YES;
				CLANG_WARN_BOOL_CONVERSION = YES;
				CLANG_WARN_COMMA = YES;
				CLANG_WARN_CONSTANT_CONVERSION = YES;
				CLANG_WARN_DEPRECATED_OBJC_IMPLEMENTATIONS = YES;
				CLANG_WARN_DIRECT_OBJC_ISA_USAGE = YES_ERROR;
				CLANG_WARN_DOCUMENTATION_COMMENTS = YES;
				CLANG_WARN_EMPTY_BODY = YES;
				CLANG_WARN_ENUM_CONVERSION = YES;
				CLANG_WARN_INFINITE_RECURSION = YES;
				CLANG_WARN_INT_CONVERSION = YES;
				CLANG_WARN_NON_LITERAL_NULL_CONVERSION = YES;
				CLANG_WARN_OBJC_IMPLICIT_RETAIN_SELF = YES;
				CLANG_WARN_OBJC_LITERAL_CONVERSION = YES;
				CLANG_WARN_OBJC_ROOT_CLASS = YES_ERROR;
				CLANG_WARN_RANGE_LOOP_ANALYSIS = YES;
				CLANG_WARN_STRICT_PROTOTYPES = YES;
				CLANG_WARN_SUSPICIOUS_MOVE = YES;
				CLANG_WARN_UNGUARDED_AVAILABILITY = YES_AGGRESSIVE;
				CLANG_WARN_UNREACHABLE_CODE = YES;
				CLANG_WARN__DUPLICATE_METHOD_MATCH = YES;
				CODE_SIGN_IDENTITY = "iPhone Developer";
				COPY_PHASE_STRIP = NO;
				DEBUG_INFORMATION_FORMAT = dwarf;
				ENABLE_STRICT_OBJC_MSGSEND = YES;
				ENABLE_TESTABILITY = YES;
				GCC_C_LANGUAGE_STANDARD = gnu11;
				GCC_DYNAMIC_NO_PIC = NO;
				GCC_NO_COMMON_BLOCKS = YES;
				GCC_OPTIMIZATION_LEVEL = 0;
				GCC_PREPROCESSOR_DEFINITIONS = (
					"DEBUG=1",
					"$(inherited)",
				);
				GCC_WARN_64_TO_32_BIT_CONVERSION = YES;
				GCC_WARN_ABOUT_RETURN_TYPE = YES_ERROR;
				GCC_WARN_UNDECLARED_SELECTOR = YES;
				GCC_WARN_UNINITIALIZED_AUTOS = YES_AGGRESSIVE;
				GCC_WARN_UNUSED_FUNCTION = YES;
				GCC_WARN_UNUSED_VARIABLE = YES;
				IPHONEOS_DEPLOYMENT_TARGET = 12.0;
				MTL_ENABLE_DEBUG_INFO = INCLUDE_SOURCE;
				MTL_FAST_MATH = YES;
				ONLY_ACTIVE_ARCH = YES;
				SDKROOT = iphoneos;
				SWIFT_ACTIVE_COMPILATION_CONDITIONS = DEBUG;
				SWIFT_OPTIMIZATION_LEVEL = "-Onone";
			};
			name = Debug;
		};
		087807352170FFCF00AFAAE7 /* Release */ = {
			isa = XCBuildConfiguration;
			buildSettings = {
				ALWAYS_SEARCH_USER_PATHS = NO;
				CLANG_ANALYZER_NONNULL = YES;
				CLANG_ANALYZER_NUMBER_OBJECT_CONVERSION = YES_AGGRESSIVE;
				CLANG_CXX_LANGUAGE_STANDARD = "gnu++14";
				CLANG_CXX_LIBRARY = "libc++";
				CLANG_ENABLE_MODULES = YES;
				CLANG_ENABLE_OBJC_ARC = YES;
				CLANG_ENABLE_OBJC_WEAK = YES;
				CLANG_WARN_BLOCK_CAPTURE_AUTORELEASING = YES;
				CLANG_WARN_BOOL_CONVERSION = YES;
				CLANG_WARN_COMMA = YES;
				CLANG_WARN_CONSTANT_CONVERSION = YES;
				CLANG_WARN_DEPRECATED_OBJC_IMPLEMENTATIONS = YES;
				CLANG_WARN_DIRECT_OBJC_ISA_USAGE = YES_ERROR;
				CLANG_WARN_DOCUMENTATION_COMMENTS = YES;
				CLANG_WARN_EMPTY_BODY = YES;
				CLANG_WARN_ENUM_CONVERSION = YES;
				CLANG_WARN_INFINITE_RECURSION = YES;
				CLANG_WARN_INT_CONVERSION = YES;
				CLANG_WARN_NON_LITERAL_NULL_CONVERSION = YES;
				CLANG_WARN_OBJC_IMPLICIT_RETAIN_SELF = YES;
				CLANG_WARN_OBJC_LITERAL_CONVERSION = YES;
				CLANG_WARN_OBJC_ROOT_CLASS = YES_ERROR;
				CLANG_WARN_RANGE_LOOP_ANALYSIS = YES;
				CLANG_WARN_STRICT_PROTOTYPES = YES;
				CLANG_WARN_SUSPICIOUS_MOVE = YES;
				CLANG_WARN_UNGUARDED_AVAILABILITY = YES_AGGRESSIVE;
				CLANG_WARN_UNREACHABLE_CODE = YES;
				CLANG_WARN__DUPLICATE_METHOD_MATCH = YES;
				CODE_SIGN_IDENTITY = "iPhone Developer";
				COPY_PHASE_STRIP = NO;
				DEBUG_INFORMATION_FORMAT = "dwarf-with-dsym";
				ENABLE_NS_ASSERTIONS = NO;
				ENABLE_STRICT_OBJC_MSGSEND = YES;
				GCC_C_LANGUAGE_STANDARD = gnu11;
				GCC_NO_COMMON_BLOCKS = YES;
				GCC_WARN_64_TO_32_BIT_CONVERSION = YES;
				GCC_WARN_ABOUT_RETURN_TYPE = YES_ERROR;
				GCC_WARN_UNDECLARED_SELECTOR = YES;
				GCC_WARN_UNINITIALIZED_AUTOS = YES_AGGRESSIVE;
				GCC_WARN_UNUSED_FUNCTION = YES;
				GCC_WARN_UNUSED_VARIABLE = YES;
				IPHONEOS_DEPLOYMENT_TARGET = 12.0;
				MTL_ENABLE_DEBUG_INFO = NO;
				MTL_FAST_MATH = YES;
				SDKROOT = iphoneos;
				SWIFT_COMPILATION_MODE = wholemodule;
				SWIFT_OPTIMIZATION_LEVEL = "-O";
				VALIDATE_PRODUCT = YES;
			};
			name = Release;
		};
		087807372170FFCF00AFAAE7 /* Debug */ = {
			isa = XCBuildConfiguration;
			buildSettings = {
				ASSETCATALOG_COMPILER_APPICON_NAME = AppIcon;
				CODE_SIGN_STYLE = Automatic;
				DEVELOPMENT_TEAM = WCM2L8RG39;
				INFOPLIST_FILE = Soundboard/Info.plist;
				IPHONEOS_DEPLOYMENT_TARGET = 10.0;
				LD_RUNPATH_SEARCH_PATHS = (
					"$(inherited)",
					"@executable_path/Frameworks",
				);
				PRODUCT_BUNDLE_IDENTIFIER = de.tum.in.www1.linhuber.Soundboard;
				PRODUCT_NAME = "$(TARGET_NAME)";
				SWIFT_VERSION = 5.0;
				TARGETED_DEVICE_FAMILY = 2;
			};
			name = Debug;
		};
		087807382170FFCF00AFAAE7 /* Release */ = {
			isa = XCBuildConfiguration;
			buildSettings = {
				ASSETCATALOG_COMPILER_APPICON_NAME = AppIcon;
				CODE_SIGN_STYLE = Automatic;
				DEVELOPMENT_TEAM = WCM2L8RG39;
				INFOPLIST_FILE = Soundboard/Info.plist;
				IPHONEOS_DEPLOYMENT_TARGET = 10.0;
				LD_RUNPATH_SEARCH_PATHS = (
					"$(inherited)",
					"@executable_path/Frameworks",
				);
				PRODUCT_BUNDLE_IDENTIFIER = de.tum.in.www1.linhuber.Soundboard;
				PRODUCT_NAME = "$(TARGET_NAME)";
				SWIFT_VERSION = 5.0;
				TARGETED_DEVICE_FAMILY = 2;
			};
			name = Release;
		};
		0878073A2170FFCF00AFAAE7 /* Debug */ = {
			isa = XCBuildConfiguration;
			buildSettings = {
				ALWAYS_EMBED_SWIFT_STANDARD_LIBRARIES = YES;
				BUNDLE_LOADER = "$(TEST_HOST)";
				CODE_SIGN_STYLE = Automatic;
				DEVELOPMENT_TEAM = WCM2L8RG39;
				INFOPLIST_FILE = SoundboardTests/Info.plist;
				LD_RUNPATH_SEARCH_PATHS = (
					"$(inherited)",
					"@executable_path/Frameworks",
					"@loader_path/Frameworks",
				);
				PRODUCT_BUNDLE_IDENTIFIER = de.tum.in.www1.linhuber.SoundboardTests;
				PRODUCT_NAME = "$(TARGET_NAME)";
				SWIFT_VERSION = 5.0;
				TARGETED_DEVICE_FAMILY = "1,2";
				TEST_HOST = "$(BUILT_PRODUCTS_DIR)/Soundboard.app/Soundboard";
			};
			name = Debug;
		};
		0878073B2170FFCF00AFAAE7 /* Release */ = {
			isa = XCBuildConfiguration;
			buildSettings = {
				ALWAYS_EMBED_SWIFT_STANDARD_LIBRARIES = YES;
				BUNDLE_LOADER = "$(TEST_HOST)";
				CODE_SIGN_STYLE = Automatic;
				DEVELOPMENT_TEAM = WCM2L8RG39;
				INFOPLIST_FILE = SoundboardTests/Info.plist;
				LD_RUNPATH_SEARCH_PATHS = (
					"$(inherited)",
					"@executable_path/Frameworks",
					"@loader_path/Frameworks",
				);
				PRODUCT_BUNDLE_IDENTIFIER = de.tum.in.www1.linhuber.SoundboardTests;
				PRODUCT_NAME = "$(TARGET_NAME)";
				SWIFT_VERSION = 5.0;
				TARGETED_DEVICE_FAMILY = "1,2";
				TEST_HOST = "$(BUILT_PRODUCTS_DIR)/Soundboard.app/Soundboard";
			};
			name = Release;
		};
		0878073D2170FFCF00AFAAE7 /* Debug */ = {
			isa = XCBuildConfiguration;
			buildSettings = {
				ALWAYS_EMBED_SWIFT_STANDARD_LIBRARIES = YES;
				CODE_SIGN_STYLE = Automatic;
				DEVELOPMENT_TEAM = WCM2L8RG39;
				INFOPLIST_FILE = SoundboardUITests/Info.plist;
				LD_RUNPATH_SEARCH_PATHS = (
					"$(inherited)",
					"@executable_path/Frameworks",
					"@loader_path/Frameworks",
				);
				PRODUCT_BUNDLE_IDENTIFIER = de.tum.in.www1.linhuber.SoundboardUITests;
				PRODUCT_NAME = "$(TARGET_NAME)";
				SWIFT_VERSION = 5.0;
				TARGETED_DEVICE_FAMILY = "1,2";
				TEST_TARGET_NAME = Soundboard;
			};
			name = Debug;
		};
		0878073E2170FFCF00AFAAE7 /* Release */ = {
			isa = XCBuildConfiguration;
			buildSettings = {
				ALWAYS_EMBED_SWIFT_STANDARD_LIBRARIES = YES;
				CODE_SIGN_STYLE = Automatic;
				DEVELOPMENT_TEAM = WCM2L8RG39;
				INFOPLIST_FILE = SoundboardUITests/Info.plist;
				LD_RUNPATH_SEARCH_PATHS = (
					"$(inherited)",
					"@executable_path/Frameworks",
					"@loader_path/Frameworks",
				);
				PRODUCT_BUNDLE_IDENTIFIER = de.tum.in.www1.linhuber.SoundboardUITests;
				PRODUCT_NAME = "$(TARGET_NAME)";
				SWIFT_VERSION = 5.0;
				TARGETED_DEVICE_FAMILY = "1,2";
				TEST_TARGET_NAME = Soundboard;
			};
			name = Release;
		};
/* End XCBuildConfiguration section */

/* Begin XCConfigurationList section */
		087807062170FFCD00AFAAE7 /* Build configuration list for PBXProject "Soundboard" */ = {
			isa = XCConfigurationList;
			buildConfigurations = (
				087807342170FFCF00AFAAE7 /* Debug */,
				087807352170FFCF00AFAAE7 /* Release */,
			);
			defaultConfigurationIsVisible = 0;
			defaultConfigurationName = Release;
		};
		087807362170FFCF00AFAAE7 /* Build configuration list for PBXNativeTarget "Soundboard" */ = {
			isa = XCConfigurationList;
			buildConfigurations = (
				087807372170FFCF00AFAAE7 /* Debug */,
				087807382170FFCF00AFAAE7 /* Release */,
			);
			defaultConfigurationIsVisible = 0;
			defaultConfigurationName = Release;
		};
		087807392170FFCF00AFAAE7 /* Build configuration list for PBXNativeTarget "SoundboardTests" */ = {
			isa = XCConfigurationList;
			buildConfigurations = (
				0878073A2170FFCF00AFAAE7 /* Debug */,
				0878073B2170FFCF00AFAAE7 /* Release */,
			);
			defaultConfigurationIsVisible = 0;
			defaultConfigurationName = Release;
		};
		0878073C2170FFCF00AFAAE7 /* Build configuration list for PBXNativeTarget "SoundboardUITests" */ = {
			isa = XCConfigurationList;
			buildConfigurations = (
				0878073D2170FFCF00AFAAE7 /* Debug */,
				0878073E2170FFCF00AFAAE7 /* Release */,
			);
			defaultConfigurationIsVisible = 0;
			defaultConfigurationName = Release;
		};
/* End XCConfigurationList section */

/* Begin XCVersionGroup section */
		087807152170FFCD00AFAAE7 /* Soundboard.xcdatamodeld */ = {
			isa = XCVersionGroup;
			children = (
				087807162170FFCD00AFAAE7 /* Soundboard.xcdatamodel */,
			);
			currentVersion = 087807162170FFCD00AFAAE7 /* Soundboard.xcdatamodel */;
			path = Soundboard.xcdatamodeld;
			sourceTree = "<group>";
			versionGroupType = wrapper.xcdatamodel;
		};
/* End XCVersionGroup section */
	};
	rootObject = 087807032170FFCD00AFAAE7 /* Project object */;
}
